
Microsoft Visual Studio Solution File, Format Version 12.00
# Visual Studio Version 17
VisualStudioVersion = 17.6.33723.286
MinimumVisualStudioVersion = 10.0.40219.1
Project("{FAE04EC0-301F-11D3-BF4B-00C04F79EFBC}") = "InicioProyectoClasesCRUD", "InicioProyectoClasesCRUD.csproj", "{B7EFF656-3292-493B-A6EB-5AF2068639E2}"
EndProject
Global
	GlobalSection(SolutionConfigurationPlatforms) = preSolution
		Debug|Any CPU = Debug|Any CPU
		Release|Any CPU = Release|Any CPU
	EndGlobalSection
	GlobalSection(ProjectConfigurationPlatforms) = postSolution
		{B7EFF656-3292-493B-A6EB-5AF2068639E2}.Debug|Any CPU.ActiveCfg = Debug|Any CPU
		{B7EFF656-3292-493B-A6EB-5AF2068639E2}.Debug|Any CPU.Build.0 = Debug|Any CPU
		{B7EFF656-3292-493B-A6EB-5AF2068639E2}.Release|Any CPU.ActiveCfg = Release|Any CPU
		{B7EFF656-3292-493B-A6EB-5AF2068639E2}.Release|Any CPU.Build.0 = Release|Any CPU
	EndGlobalSection
	GlobalSection(SolutionProperties) = preSolution
		HideSolutionNode = FALSE
	EndGlobalSection
	GlobalSection(ExtensibilityGlobals) = postSolution
		SolutionGuid = {287B6C3F-4B38-4713-8862-071A67657E9E}
	EndGlobalSection
EndGlobal
